
Microsoft Visual Studio Solution File, Format Version 12.00
# Visual Studio 2012
Project("{F184B08F-C81C-45F6-A57F-5ABD9991F28F}") = "DISMTools", "DISMTools.vbproj", "{042ED465-C910-407A-93D1-736639FF0EA5}"
EndProject
Project("{2150E333-8FDC-42A3-9474-1A3956D46DE8}") = "Solution Items", "Solution Items", "{283DDE96-80B1-4AE2-9146-943E95039252}"
	ProjectSection(SolutionItems) = preProject
		.editorconfig = .editorconfig
	EndProjectSection
EndProject
Global
	GlobalSection(SolutionConfigurationPlatforms) = preSolution
		Debug|Any CPU = Debug|Any CPU
		Release|Any CPU = Release|Any CPU
	EndGlobalSection
	GlobalSection(ProjectConfigurationPlatforms) = postSolution
		{042ED465-C910-407A-93D1-736639FF0EA5}.Debug|Any CPU.ActiveCfg = Debug|Any CPU
		{042ED465-C910-407A-93D1-736639FF0EA5}.Debug|Any CPU.Build.0 = Debug|Any CPU
		{042ED465-C910-407A-93D1-736639FF0EA5}.Release|Any CPU.ActiveCfg = Release|Any CPU
		{042ED465-C910-407A-93D1-736639FF0EA5}.Release|Any CPU.Build.0 = Release|Any CPU
	EndGlobalSection
	GlobalSection(SolutionProperties) = preSolution
		HideSolutionNode = FALSE
	EndGlobalSection
	GlobalSection(ExtensibilityGlobals) = postSolution
		SolutionGuid = {2E6FA379-B09B-4996-BBD4-4DD8C85FE906}
	EndGlobalSection
EndGlobal
