
Microsoft Visual Studio Solution File, Format Version 12.00
# Visual Studio 2012
Project("{F184B08F-C81C-45F6-A57F-5ABD9991F28F}") = "DISMTools", "DISMTools.vbproj", "{042ED465-C910-407A-93D1-736639FF0EA5}"
	ProjectSection(ProjectDependencies) = postProject
		{5330BC3F-1BFF-4200-8872-3A2236F814AB} = {5330BC3F-1BFF-4200-8872-3A2236F814AB}
	EndProjectSection
EndProject
Project("{2150E333-8FDC-42A3-9474-1A3956D46DE8}") = "Solution Items", "Solution Items", "{283DDE96-80B1-4AE2-9146-943E95039252}"
	ProjectSection(SolutionItems) = preProject
		.editorconfig = .editorconfig
	EndProjectSection
EndProject
Project("{F184B08F-C81C-45F6-A57F-5ABD9991F28F}") = "DISMTools-UCS", "Updater\DISMTools-UCS\DISMTools-UCS.vbproj", "{C084B601-F395-47D3-9E66-C0582139DCF4}"
EndProject
Project("{FAE04EC0-301F-11D3-BF4B-00C04F79EFBC}") = "UnpEax", "Tools\UnpEax\UnpEax.csproj", "{5330BC3F-1BFF-4200-8872-3A2236F814AB}"
EndProject
Project("{8BC9CEB8-8B4A-11D0-8D11-00A0C91BC942}") = "DT-DIM", "Helpers\extps1\PE_Helper\tools\DIM\src\DT-DIM.vcxproj", "{ADFA0CB4-E66F-4956-937E-1B2C4AAF3092}"
EndProject
Global
	GlobalSection(SolutionConfigurationPlatforms) = preSolution
		Debug|Any CPU = Debug|Any CPU
		Debug|Mixed Platforms = Debug|Mixed Platforms
		Debug|Win32 = Debug|Win32
		Debug|x64 = Debug|x64
		Release|Any CPU = Release|Any CPU
		Release|Mixed Platforms = Release|Mixed Platforms
		Release|Win32 = Release|Win32
		Release|x64 = Release|x64
	EndGlobalSection
	GlobalSection(ProjectConfigurationPlatforms) = postSolution
		{042ED465-C910-407A-93D1-736639FF0EA5}.Debug|Any CPU.ActiveCfg = Debug|Any CPU
		{042ED465-C910-407A-93D1-736639FF0EA5}.Debug|Any CPU.Build.0 = Debug|Any CPU
		{042ED465-C910-407A-93D1-736639FF0EA5}.Debug|Mixed Platforms.ActiveCfg = Debug|Any CPU
		{042ED465-C910-407A-93D1-736639FF0EA5}.Debug|Mixed Platforms.Build.0 = Debug|Any CPU
		{042ED465-C910-407A-93D1-736639FF0EA5}.Debug|Win32.ActiveCfg = Debug|Any CPU
		{042ED465-C910-407A-93D1-736639FF0EA5}.Debug|Win32.Build.0 = Debug|Any CPU
		{042ED465-C910-407A-93D1-736639FF0EA5}.Debug|x64.ActiveCfg = Debug|Any CPU
		{042ED465-C910-407A-93D1-736639FF0EA5}.Debug|x64.Build.0 = Debug|Any CPU
		{042ED465-C910-407A-93D1-736639FF0EA5}.Release|Any CPU.ActiveCfg = Release|Any CPU
		{042ED465-C910-407A-93D1-736639FF0EA5}.Release|Any CPU.Build.0 = Release|Any CPU
		{042ED465-C910-407A-93D1-736639FF0EA5}.Release|Mixed Platforms.ActiveCfg = Release|x86
		{042ED465-C910-407A-93D1-736639FF0EA5}.Release|Mixed Platforms.Build.0 = Release|x86
		{042ED465-C910-407A-93D1-736639FF0EA5}.Release|Win32.ActiveCfg = Release|x86
		{042ED465-C910-407A-93D1-736639FF0EA5}.Release|Win32.Build.0 = Release|x86
		{042ED465-C910-407A-93D1-736639FF0EA5}.Release|x64.ActiveCfg = Release|x64
		{042ED465-C910-407A-93D1-736639FF0EA5}.Release|x64.Build.0 = Release|x64
		{C084B601-F395-47D3-9E66-C0582139DCF4}.Debug|Any CPU.ActiveCfg = Debug|Any CPU
		{C084B601-F395-47D3-9E66-C0582139DCF4}.Debug|Any CPU.Build.0 = Debug|Any CPU
		{C084B601-F395-47D3-9E66-C0582139DCF4}.Debug|Mixed Platforms.ActiveCfg = Debug|Any CPU
		{C084B601-F395-47D3-9E66-C0582139DCF4}.Debug|Mixed Platforms.Build.0 = Debug|Any CPU
		{C084B601-F395-47D3-9E66-C0582139DCF4}.Debug|Win32.ActiveCfg = Debug|Any CPU
		{C084B601-F395-47D3-9E66-C0582139DCF4}.Debug|x64.ActiveCfg = Debug|Any CPU
		{C084B601-F395-47D3-9E66-C0582139DCF4}.Release|Any CPU.ActiveCfg = Release|Any CPU
		{C084B601-F395-47D3-9E66-C0582139DCF4}.Release|Any CPU.Build.0 = Release|Any CPU
		{C084B601-F395-47D3-9E66-C0582139DCF4}.Release|Mixed Platforms.ActiveCfg = Release|Any CPU
		{C084B601-F395-47D3-9E66-C0582139DCF4}.Release|Mixed Platforms.Build.0 = Release|Any CPU
		{C084B601-F395-47D3-9E66-C0582139DCF4}.Release|Win32.ActiveCfg = Release|Any CPU
		{C084B601-F395-47D3-9E66-C0582139DCF4}.Release|x64.ActiveCfg = Release|Any CPU
		{5330BC3F-1BFF-4200-8872-3A2236F814AB}.Debug|Any CPU.ActiveCfg = Debug|Any CPU
		{5330BC3F-1BFF-4200-8872-3A2236F814AB}.Debug|Any CPU.Build.0 = Debug|Any CPU
		{5330BC3F-1BFF-4200-8872-3A2236F814AB}.Debug|Mixed Platforms.ActiveCfg = Debug|Any CPU
		{5330BC3F-1BFF-4200-8872-3A2236F814AB}.Debug|Mixed Platforms.Build.0 = Debug|Any CPU
		{5330BC3F-1BFF-4200-8872-3A2236F814AB}.Debug|Win32.ActiveCfg = Debug|Any CPU
		{5330BC3F-1BFF-4200-8872-3A2236F814AB}.Debug|x64.ActiveCfg = Debug|Any CPU
		{5330BC3F-1BFF-4200-8872-3A2236F814AB}.Release|Any CPU.ActiveCfg = Release|Any CPU
		{5330BC3F-1BFF-4200-8872-3A2236F814AB}.Release|Any CPU.Build.0 = Release|Any CPU
		{5330BC3F-1BFF-4200-8872-3A2236F814AB}.Release|Mixed Platforms.ActiveCfg = Release|Any CPU
		{5330BC3F-1BFF-4200-8872-3A2236F814AB}.Release|Mixed Platforms.Build.0 = Release|Any CPU
		{5330BC3F-1BFF-4200-8872-3A2236F814AB}.Release|Win32.ActiveCfg = Release|Any CPU
		{5330BC3F-1BFF-4200-8872-3A2236F814AB}.Release|x64.ActiveCfg = Release|Any CPU
		{ADFA0CB4-E66F-4956-937E-1B2C4AAF3092}.Debug|Any CPU.ActiveCfg = Debug|Win32
		{ADFA0CB4-E66F-4956-937E-1B2C4AAF3092}.Debug|Mixed Platforms.ActiveCfg = Debug|Win32
		{ADFA0CB4-E66F-4956-937E-1B2C4AAF3092}.Debug|Mixed Platforms.Build.0 = Debug|Win32
		{ADFA0CB4-E66F-4956-937E-1B2C4AAF3092}.Debug|Win32.ActiveCfg = Debug|Win32
		{ADFA0CB4-E66F-4956-937E-1B2C4AAF3092}.Debug|Win32.Build.0 = Debug|Win32
		{ADFA0CB4-E66F-4956-937E-1B2C4AAF3092}.Debug|x64.ActiveCfg = Debug|x64
		{ADFA0CB4-E66F-4956-937E-1B2C4AAF3092}.Debug|x64.Build.0 = Debug|x64
		{ADFA0CB4-E66F-4956-937E-1B2C4AAF3092}.Release|Any CPU.ActiveCfg = Release|Win32
		{ADFA0CB4-E66F-4956-937E-1B2C4AAF3092}.Release|Mixed Platforms.ActiveCfg = Release|Win32
		{ADFA0CB4-E66F-4956-937E-1B2C4AAF3092}.Release|Mixed Platforms.Build.0 = Release|Win32
		{ADFA0CB4-E66F-4956-937E-1B2C4AAF3092}.Release|Win32.ActiveCfg = Release|Win32
		{ADFA0CB4-E66F-4956-937E-1B2C4AAF3092}.Release|Win32.Build.0 = Release|Win32
		{ADFA0CB4-E66F-4956-937E-1B2C4AAF3092}.Release|x64.ActiveCfg = Release|x64
		{ADFA0CB4-E66F-4956-937E-1B2C4AAF3092}.Release|x64.Build.0 = Release|x64
	EndGlobalSection
	GlobalSection(SolutionProperties) = preSolution
		HideSolutionNode = FALSE
	EndGlobalSection
	GlobalSection(ExtensibilityGlobals) = postSolution
		SolutionGuid = {2E6FA379-B09B-4996-BBD4-4DD8C85FE906}
	EndGlobalSection
EndGlobal
